{
  "name": "patcher2070",
  "version": "1.0.0",
  "lockfileVersion": 2,
  "requires": true,
  "packages": {
    "": {
      "name": "patcher2070",
      "version": "1.0.0",
      "license": "MIT",
      "dependencies": {
        "dxtn": "^1.0.0"
      }
    },
    "node_modules/dxtn": {
      "version": "1.0.0",
      "resolved": "https://registry.npmjs.org/dxtn/-/dxtn-1.0.0.tgz",
      "integrity": "sha512-5xFvTYbuNBbnYK4kc3/J9wdahxHc44xf1fr4gUNx+fTM6rYItuMJeLKc7N03fbj2hZgzdDC1NkV0AW95GxZ1IQ=="
    }
  },
  "dependencies": {
    "dxtn": {
      "version": "1.0.0",
      "resolved": "https://registry.npmjs.org/dxtn/-/dxtn-1.0.0.tgz",
      "integrity": "sha512-5xFvTYbuNBbnYK4kc3/J9wdahxHc44xf1fr4gUNx+fTM6rYItuMJeLKc7N03fbj2hZgzdDC1NkV0AW95GxZ1IQ=="
    }
  }
}
